
Microsoft Visual Studio Solution File, Format Version 11.00
# Visual Studio 2010
Project("{FAE04EC0-301F-11D3-BF4B-00C04F79EFBC}") = "IMapperPOC.Web", "IMapperPOC\IMapperPOC.Web.csproj", "{8BC36085-7F05-4E92-B011-614959064A58}"
EndProject
Project("{FAE04EC0-301F-11D3-BF4B-00C04F79EFBC}") = "IMapperPOC.Service.Test", "IMapperPOC.Test\IMapperPOC.Service.Test.csproj", "{88E43629-A4DB-420D-9F47-7AEC62CEB704}"
EndProject
Project("{2150E333-8FDC-42A3-9474-1A3956D46DE8}") = "Solution Items", "Solution Items", "{5E322530-8ED6-41EB-B25E-BAD3E7BA5190}"
	ProjectSection(SolutionItems) = preProject
		IMapperPOC.vsmdi = IMapperPOC.vsmdi
		Local.testsettings = Local.testsettings
		TraceAndTestImpact.testsettings = TraceAndTestImpact.testsettings
	EndProjectSection
EndProject
Project("{FAE04EC0-301F-11D3-BF4B-00C04F79EFBC}") = "IMapperPOC.Service", "IMapperPOC.Service\IMapperPOC.Service.csproj", "{AF557398-726A-411C-AD59-CA17C48A9C2E}"
EndProject
Global
	GlobalSection(TestCaseManagementSettings) = postSolution
		CategoryFile = IMapperPOC.vsmdi
	EndGlobalSection
	GlobalSection(SolutionConfigurationPlatforms) = preSolution
		Debug|Any CPU = Debug|Any CPU
		Release|Any CPU = Release|Any CPU
	EndGlobalSection
	GlobalSection(ProjectConfigurationPlatforms) = postSolution
		{8BC36085-7F05-4E92-B011-614959064A58}.Debug|Any CPU.ActiveCfg = Debug|Any CPU
		{8BC36085-7F05-4E92-B011-614959064A58}.Debug|Any CPU.Build.0 = Debug|Any CPU
		{8BC36085-7F05-4E92-B011-614959064A58}.Release|Any CPU.ActiveCfg = Release|Any CPU
		{8BC36085-7F05-4E92-B011-614959064A58}.Release|Any CPU.Build.0 = Release|Any CPU
		{88E43629-A4DB-420D-9F47-7AEC62CEB704}.Debug|Any CPU.ActiveCfg = Debug|Any CPU
		{88E43629-A4DB-420D-9F47-7AEC62CEB704}.Debug|Any CPU.Build.0 = Debug|Any CPU
		{88E43629-A4DB-420D-9F47-7AEC62CEB704}.Release|Any CPU.ActiveCfg = Release|Any CPU
		{88E43629-A4DB-420D-9F47-7AEC62CEB704}.Release|Any CPU.Build.0 = Release|Any CPU
		{AF557398-726A-411C-AD59-CA17C48A9C2E}.Debug|Any CPU.ActiveCfg = Debug|Any CPU
		{AF557398-726A-411C-AD59-CA17C48A9C2E}.Debug|Any CPU.Build.0 = Debug|Any CPU
		{AF557398-726A-411C-AD59-CA17C48A9C2E}.Release|Any CPU.ActiveCfg = Release|Any CPU
		{AF557398-726A-411C-AD59-CA17C48A9C2E}.Release|Any CPU.Build.0 = Release|Any CPU
	EndGlobalSection
	GlobalSection(SolutionProperties) = preSolution
		HideSolutionNode = FALSE
	EndGlobalSection
EndGlobal
